
Microsoft Visual Studio Solution File, Format Version 12.00
# Visual Studio 15
Project("{FAE04EC0-301F-11D3-BF4B-00C04F79EFBC}") = "UnityEngine.TestRunner", "UnityEngine.TestRunner.csproj", "{5F4179DE-79EF-B9BA-7B7C-A765A5BD445D}"
EndProject
Project("{FAE04EC0-301F-11D3-BF4B-00C04F79EFBC}") = "Unity.VisualScripting.Flow", "Unity.VisualScripting.Flow.csproj", "{C061C7AF-39C9-0B68-CA18-0B7D78263C58}"
EndProject
Project("{FAE04EC0-301F-11D3-BF4B-00C04F79EFBC}") = "Unity.Services.Core.Telemetry", "Unity.Services.Core.Telemetry.csproj", "{55D25E32-B650-6D9F-37A0-DC065C14E778}"
EndProject
Project("{FAE04EC0-301F-11D3-BF4B-00C04F79EFBC}") = "Unity.VisualScripting.State", "Unity.VisualScripting.State.csproj", "{AC833D43-D37C-E494-5DC4-8B1050C1FAA3}"
EndProject
Project("{FAE04EC0-301F-11D3-BF4B-00C04F79EFBC}") = "Unity.VisualScripting.Core", "Unity.VisualScripting.Core.csproj", "{7018B247-CB38-17AA-D2F0-C7A7840F8FA0}"
EndProject
Project("{FAE04EC0-301F-11D3-BF4B-00C04F79EFBC}") = "Unity.Services.Core.Environments.Internal", "Unity.Services.Core.Environments.Internal.csproj", "{264C4CBC-E9D8-CC1E-8850-FF1B4F490695}"
EndProject
Project("{FAE04EC0-301F-11D3-BF4B-00C04F79EFBC}") = "Unity.TextMeshPro", "Unity.TextMeshPro.csproj", "{932A1536-D73B-3923-B211-940F2556035C}"
EndProject
Project("{FAE04EC0-301F-11D3-BF4B-00C04F79EFBC}") = "Unity.Timeline", "Unity.Timeline.csproj", "{EBF39011-E951-63D4-616B-60596203CDC1}"
EndProject
Project("{FAE04EC0-301F-11D3-BF4B-00C04F79EFBC}") = "Assembly-CSharp", "Assembly-CSharp.csproj", "{28BBA9C8-DEB4-3DCF-DCFA-4A7236070067}"
EndProject
Project("{FAE04EC0-301F-11D3-BF4B-00C04F79EFBC}") = "Unity.Services.Core.Environments", "Unity.Services.Core.Environments.csproj", "{FC3CE096-89E5-F4DC-4129-4A7C8CDBF825}"
EndProject
Project("{FAE04EC0-301F-11D3-BF4B-00C04F79EFBC}") = "Unity.Services.Core.Internal", "Unity.Services.Core.Internal.csproj", "{07F6D05B-6243-4CC8-6695-DF8A633A62FE}"
EndProject
Project("{FAE04EC0-301F-11D3-BF4B-00C04F79EFBC}") = "Unity.Services.Core.Analytics", "Unity.Services.Core.Analytics.csproj", "{0FA022DB-DB44-94CB-B484-32EEC9BDDE88}"
EndProject
Project("{FAE04EC0-301F-11D3-BF4B-00C04F79EFBC}") = "Unity.Services.Core.Scheduler", "Unity.Services.Core.Scheduler.csproj", "{98B1FA11-2DAC-E6F4-8B59-ED272B0815E5}"
EndProject
Project("{FAE04EC0-301F-11D3-BF4B-00C04F79EFBC}") = "Unity.Services.Core.Registration", "Unity.Services.Core.Registration.csproj", "{D8111DB3-4CAC-A187-8043-A23FBA146FF4}"
EndProject
Project("{FAE04EC0-301F-11D3-BF4B-00C04F79EFBC}") = "Unity.Services.Core.Device", "Unity.Services.Core.Device.csproj", "{45DB3399-2F28-E0B3-56A3-9F8CE6E19DE1}"
EndProject
Project("{FAE04EC0-301F-11D3-BF4B-00C04F79EFBC}") = "Unity.Services.Core.Threading", "Unity.Services.Core.Threading.csproj", "{C8A86CAF-6E9F-C7F0-44D5-45E9D863FA9B}"
EndProject
Project("{FAE04EC0-301F-11D3-BF4B-00C04F79EFBC}") = "Unity.Services.Core.Networking", "Unity.Services.Core.Networking.csproj", "{0178D40E-1924-36ED-FE69-1CB869D9ED3A}"
EndProject
Project("{FAE04EC0-301F-11D3-BF4B-00C04F79EFBC}") = "Unity.Services.Core", "Unity.Services.Core.csproj", "{492924EA-3225-08C3-49DF-AD03DC0FCCB3}"
EndProject
Project("{FAE04EC0-301F-11D3-BF4B-00C04F79EFBC}") = "Unity.Services.Core.Configuration", "Unity.Services.Core.Configuration.csproj", "{D2EBBF33-2E1B-3DD7-A360-7E92BD8B942E}"
EndProject
Project("{FAE04EC0-301F-11D3-BF4B-00C04F79EFBC}") = "Unity.PlasticSCM.Editor", "Unity.PlasticSCM.Editor.csproj", "{779E20B9-3535-17F2-8BBC-65007148B21C}"
EndProject
Project("{FAE04EC0-301F-11D3-BF4B-00C04F79EFBC}") = "Unity.VisualScripting.Core.Editor", "Unity.VisualScripting.Core.Editor.csproj", "{0A1EE610-74A9-DD64-3FE2-83204499FFF7}"
EndProject
Project("{FAE04EC0-301F-11D3-BF4B-00C04F79EFBC}") = "Unity.VisualScripting.Flow.Editor", "Unity.VisualScripting.Flow.Editor.csproj", "{992138FD-7D68-AC49-5896-BCC5D81DBF29}"
EndProject
Project("{FAE04EC0-301F-11D3-BF4B-00C04F79EFBC}") = "Unity.VisualStudio.Editor", "Unity.VisualStudio.Editor.csproj", "{7D8AF279-4E2B-D4E3-F5E9-2E84056456A3}"
EndProject
Project("{FAE04EC0-301F-11D3-BF4B-00C04F79EFBC}") = "Unity.Timeline.Editor", "Unity.Timeline.Editor.csproj", "{CE3188D0-0806-7E52-DCCB-1734A3555F96}"
EndProject
Project("{FAE04EC0-301F-11D3-BF4B-00C04F79EFBC}") = "Unity.VisualScripting.State.Editor", "Unity.VisualScripting.State.Editor.csproj", "{AC174F01-D47A-3065-097C-C43C93989A9E}"
EndProject
Project("{FAE04EC0-301F-11D3-BF4B-00C04F79EFBC}") = "Unity.TextMeshPro.Editor", "Unity.TextMeshPro.Editor.csproj", "{42AF865E-FB83-B62F-5EAD-6D1AC4F024A6}"
EndProject
Project("{FAE04EC0-301F-11D3-BF4B-00C04F79EFBC}") = "Unity.VisualScripting.SettingsProvider.Editor", "Unity.VisualScripting.SettingsProvider.Editor.csproj", "{8B386338-BBAB-DA24-1808-26CF6ACA2258}"
EndProject
Project("{FAE04EC0-301F-11D3-BF4B-00C04F79EFBC}") = "Unity.CollabProxy.Editor", "Unity.CollabProxy.Editor.csproj", "{5574F16D-E9E1-E413-8EFB-4DCD1C4F33A0}"
EndProject
Project("{FAE04EC0-301F-11D3-BF4B-00C04F79EFBC}") = "UnityEditor.TestRunner", "UnityEditor.TestRunner.csproj", "{A1CC7418-63E0-E192-9B83-1050E64EE725}"
EndProject
Project("{FAE04EC0-301F-11D3-BF4B-00C04F79EFBC}") = "Unity.Services.Core.Editor", "Unity.Services.Core.Editor.csproj", "{5E13530D-B04C-D343-EC1C-AC0345D74C05}"
EndProject
Project("{FAE04EC0-301F-11D3-BF4B-00C04F79EFBC}") = "Unity.Rider.Editor", "Unity.Rider.Editor.csproj", "{13A4466F-F28B-BFB6-BE6D-A6974BA50E82}"
EndProject
Project("{FAE04EC0-301F-11D3-BF4B-00C04F79EFBC}") = "Unity.VSCode.Editor", "Unity.VSCode.Editor.csproj", "{C84FB3ED-C72D-A1D3-2BB9-7B472316CDB4}"
EndProject
Project("{FAE04EC0-301F-11D3-BF4B-00C04F79EFBC}") = "Unity.Services.Core.Configuration.Editor", "Unity.Services.Core.Configuration.Editor.csproj", "{207E2C7E-99F8-B0F0-8454-5F0877AC881D}"
EndProject
Project("{FAE04EC0-301F-11D3-BF4B-00C04F79EFBC}") = "Unity.VisualScripting.Shared.Editor", "Unity.VisualScripting.Shared.Editor.csproj", "{58DACC59-D004-4F90-2E96-D6881BFF2630}"
EndProject
Global
	GlobalSection(SolutionConfigurationPlatforms) = preSolution
		Debug|Any CPU = Debug|Any CPU
		Release|Any CPU = Release|Any CPU
	EndGlobalSection
	GlobalSection(ProjectConfigurationPlatforms) = postSolution
		{5F4179DE-79EF-B9BA-7B7C-A765A5BD445D}.Debug|Any CPU.ActiveCfg = Debug|Any CPU
		{5F4179DE-79EF-B9BA-7B7C-A765A5BD445D}.Debug|Any CPU.Build.0 = Debug|Any CPU
		{5F4179DE-79EF-B9BA-7B7C-A765A5BD445D}.Release|Any CPU.ActiveCfg = Release|Any CPU
		{5F4179DE-79EF-B9BA-7B7C-A765A5BD445D}.Release|Any CPU.Build.0 = Release|Any CPU
		{C061C7AF-39C9-0B68-CA18-0B7D78263C58}.Debug|Any CPU.ActiveCfg = Debug|Any CPU
		{C061C7AF-39C9-0B68-CA18-0B7D78263C58}.Debug|Any CPU.Build.0 = Debug|Any CPU
		{C061C7AF-39C9-0B68-CA18-0B7D78263C58}.Release|Any CPU.ActiveCfg = Release|Any CPU
		{C061C7AF-39C9-0B68-CA18-0B7D78263C58}.Release|Any CPU.Build.0 = Release|Any CPU
		{55D25E32-B650-6D9F-37A0-DC065C14E778}.Debug|Any CPU.ActiveCfg = Debug|Any CPU
		{55D25E32-B650-6D9F-37A0-DC065C14E778}.Debug|Any CPU.Build.0 = Debug|Any CPU
		{55D25E32-B650-6D9F-37A0-DC065C14E778}.Release|Any CPU.ActiveCfg = Release|Any CPU
		{55D25E32-B650-6D9F-37A0-DC065C14E778}.Release|Any CPU.Build.0 = Release|Any CPU
		{AC833D43-D37C-E494-5DC4-8B1050C1FAA3}.Debug|Any CPU.ActiveCfg = Debug|Any CPU
		{AC833D43-D37C-E494-5DC4-8B1050C1FAA3}.Debug|Any CPU.Build.0 = Debug|Any CPU
		{AC833D43-D37C-E494-5DC4-8B1050C1FAA3}.Release|Any CPU.ActiveCfg = Release|Any CPU
		{AC833D43-D37C-E494-5DC4-8B1050C1FAA3}.Release|Any CPU.Build.0 = Release|Any CPU
		{7018B247-CB38-17AA-D2F0-C7A7840F8FA0}.Debug|Any CPU.ActiveCfg = Debug|Any CPU
		{7018B247-CB38-17AA-D2F0-C7A7840F8FA0}.Debug|Any CPU.Build.0 = Debug|Any CPU
		{7018B247-CB38-17AA-D2F0-C7A7840F8FA0}.Release|Any CPU.ActiveCfg = Release|Any CPU
		{7018B247-CB38-17AA-D2F0-C7A7840F8FA0}.Release|Any CPU.Build.0 = Release|Any CPU
		{264C4CBC-E9D8-CC1E-8850-FF1B4F490695}.Debug|Any CPU.ActiveCfg = Debug|Any CPU
		{264C4CBC-E9D8-CC1E-8850-FF1B4F490695}.Debug|Any CPU.Build.0 = Debug|Any CPU
		{264C4CBC-E9D8-CC1E-8850-FF1B4F490695}.Release|Any CPU.ActiveCfg = Release|Any CPU
		{264C4CBC-E9D8-CC1E-8850-FF1B4F490695}.Release|Any CPU.Build.0 = Release|Any CPU
		{932A1536-D73B-3923-B211-940F2556035C}.Debug|Any CPU.ActiveCfg = Debug|Any CPU
		{932A1536-D73B-3923-B211-940F2556035C}.Debug|Any CPU.Build.0 = Debug|Any CPU
		{932A1536-D73B-3923-B211-940F2556035C}.Release|Any CPU.ActiveCfg = Release|Any CPU
		{932A1536-D73B-3923-B211-940F2556035C}.Release|Any CPU.Build.0 = Release|Any CPU
		{EBF39011-E951-63D4-616B-60596203CDC1}.Debug|Any CPU.ActiveCfg = Debug|Any CPU
		{EBF39011-E951-63D4-616B-60596203CDC1}.Debug|Any CPU.Build.0 = Debug|Any CPU
		{EBF39011-E951-63D4-616B-60596203CDC1}.Release|Any CPU.ActiveCfg = Release|Any CPU
		{EBF39011-E951-63D4-616B-60596203CDC1}.Release|Any CPU.Build.0 = Release|Any CPU
		{28BBA9C8-DEB4-3DCF-DCFA-4A7236070067}.Debug|Any CPU.ActiveCfg = Debug|Any CPU
		{28BBA9C8-DEB4-3DCF-DCFA-4A7236070067}.Debug|Any CPU.Build.0 = Debug|Any CPU
		{28BBA9C8-DEB4-3DCF-DCFA-4A7236070067}.Release|Any CPU.ActiveCfg = Release|Any CPU
		{28BBA9C8-DEB4-3DCF-DCFA-4A7236070067}.Release|Any CPU.Build.0 = Release|Any CPU
		{FC3CE096-89E5-F4DC-4129-4A7C8CDBF825}.Debug|Any CPU.ActiveCfg = Debug|Any CPU
		{FC3CE096-89E5-F4DC-4129-4A7C8CDBF825}.Debug|Any CPU.Build.0 = Debug|Any CPU
		{FC3CE096-89E5-F4DC-4129-4A7C8CDBF825}.Release|Any CPU.ActiveCfg = Release|Any CPU
		{FC3CE096-89E5-F4DC-4129-4A7C8CDBF825}.Release|Any CPU.Build.0 = Release|Any CPU
		{07F6D05B-6243-4CC8-6695-DF8A633A62FE}.Debug|Any CPU.ActiveCfg = Debug|Any CPU
		{07F6D05B-6243-4CC8-6695-DF8A633A62FE}.Debug|Any CPU.Build.0 = Debug|Any CPU
		{07F6D05B-6243-4CC8-6695-DF8A633A62FE}.Release|Any CPU.ActiveCfg = Release|Any CPU
		{07F6D05B-6243-4CC8-6695-DF8A633A62FE}.Release|Any CPU.Build.0 = Release|Any CPU
		{0FA022DB-DB44-94CB-B484-32EEC9BDDE88}.Debug|Any CPU.ActiveCfg = Debug|Any CPU
		{0FA022DB-DB44-94CB-B484-32EEC9BDDE88}.Debug|Any CPU.Build.0 = Debug|Any CPU
		{0FA022DB-DB44-94CB-B484-32EEC9BDDE88}.Release|Any CPU.ActiveCfg = Release|Any CPU
		{0FA022DB-DB44-94CB-B484-32EEC9BDDE88}.Release|Any CPU.Build.0 = Release|Any CPU
		{98B1FA11-2DAC-E6F4-8B59-ED272B0815E5}.Debug|Any CPU.ActiveCfg = Debug|Any CPU
		{98B1FA11-2DAC-E6F4-8B59-ED272B0815E5}.Debug|Any CPU.Build.0 = Debug|Any CPU
		{98B1FA11-2DAC-E6F4-8B59-ED272B0815E5}.Release|Any CPU.ActiveCfg = Release|Any CPU
		{98B1FA11-2DAC-E6F4-8B59-ED272B0815E5}.Release|Any CPU.Build.0 = Release|Any CPU
		{D8111DB3-4CAC-A187-8043-A23FBA146FF4}.Debug|Any CPU.ActiveCfg = Debug|Any CPU
		{D8111DB3-4CAC-A187-8043-A23FBA146FF4}.Debug|Any CPU.Build.0 = Debug|Any CPU
		{D8111DB3-4CAC-A187-8043-A23FBA146FF4}.Release|Any CPU.ActiveCfg = Release|Any CPU
		{D8111DB3-4CAC-A187-8043-A23FBA146FF4}.Release|Any CPU.Build.0 = Release|Any CPU
		{45DB3399-2F28-E0B3-56A3-9F8CE6E19DE1}.Debug|Any CPU.ActiveCfg = Debug|Any CPU
		{45DB3399-2F28-E0B3-56A3-9F8CE6E19DE1}.Debug|Any CPU.Build.0 = Debug|Any CPU
		{45DB3399-2F28-E0B3-56A3-9F8CE6E19DE1}.Release|Any CPU.ActiveCfg = Release|Any CPU
		{45DB3399-2F28-E0B3-56A3-9F8CE6E19DE1}.Release|Any CPU.Build.0 = Release|Any CPU
		{C8A86CAF-6E9F-C7F0-44D5-45E9D863FA9B}.Debug|Any CPU.ActiveCfg = Debug|Any CPU
		{C8A86CAF-6E9F-C7F0-44D5-45E9D863FA9B}.Debug|Any CPU.Build.0 = Debug|Any CPU
		{C8A86CAF-6E9F-C7F0-44D5-45E9D863FA9B}.Release|Any CPU.ActiveCfg = Release|Any CPU
		{C8A86CAF-6E9F-C7F0-44D5-45E9D863FA9B}.Release|Any CPU.Build.0 = Release|Any CPU
		{0178D40E-1924-36ED-FE69-1CB869D9ED3A}.Debug|Any CPU.ActiveCfg = Debug|Any CPU
		{0178D40E-1924-36ED-FE69-1CB869D9ED3A}.Debug|Any CPU.Build.0 = Debug|Any CPU
		{0178D40E-1924-36ED-FE69-1CB869D9ED3A}.Release|Any CPU.ActiveCfg = Release|Any CPU
		{0178D40E-1924-36ED-FE69-1CB869D9ED3A}.Release|Any CPU.Build.0 = Release|Any CPU
		{492924EA-3225-08C3-49DF-AD03DC0FCCB3}.Debug|Any CPU.ActiveCfg = Debug|Any CPU
		{492924EA-3225-08C3-49DF-AD03DC0FCCB3}.Debug|Any CPU.Build.0 = Debug|Any CPU
		{492924EA-3225-08C3-49DF-AD03DC0FCCB3}.Release|Any CPU.ActiveCfg = Release|Any CPU
		{492924EA-3225-08C3-49DF-AD03DC0FCCB3}.Release|Any CPU.Build.0 = Release|Any CPU
		{D2EBBF33-2E1B-3DD7-A360-7E92BD8B942E}.Debug|Any CPU.ActiveCfg = Debug|Any CPU
		{D2EBBF33-2E1B-3DD7-A360-7E92BD8B942E}.Debug|Any CPU.Build.0 = Debug|Any CPU
		{D2EBBF33-2E1B-3DD7-A360-7E92BD8B942E}.Release|Any CPU.ActiveCfg = Release|Any CPU
		{D2EBBF33-2E1B-3DD7-A360-7E92BD8B942E}.Release|Any CPU.Build.0 = Release|Any CPU
		{779E20B9-3535-17F2-8BBC-65007148B21C}.Debug|Any CPU.ActiveCfg = Debug|Any CPU
		{779E20B9-3535-17F2-8BBC-65007148B21C}.Debug|Any CPU.Build.0 = Debug|Any CPU
		{779E20B9-3535-17F2-8BBC-65007148B21C}.Release|Any CPU.ActiveCfg = Release|Any CPU
		{779E20B9-3535-17F2-8BBC-65007148B21C}.Release|Any CPU.Build.0 = Release|Any CPU
		{0A1EE610-74A9-DD64-3FE2-83204499FFF7}.Debug|Any CPU.ActiveCfg = Debug|Any CPU
		{0A1EE610-74A9-DD64-3FE2-83204499FFF7}.Debug|Any CPU.Build.0 = Debug|Any CPU
		{0A1EE610-74A9-DD64-3FE2-83204499FFF7}.Release|Any CPU.ActiveCfg = Release|Any CPU
		{0A1EE610-74A9-DD64-3FE2-83204499FFF7}.Release|Any CPU.Build.0 = Release|Any CPU
		{992138FD-7D68-AC49-5896-BCC5D81DBF29}.Debug|Any CPU.ActiveCfg = Debug|Any CPU
		{992138FD-7D68-AC49-5896-BCC5D81DBF29}.Debug|Any CPU.Build.0 = Debug|Any CPU
		{992138FD-7D68-AC49-5896-BCC5D81DBF29}.Release|Any CPU.ActiveCfg = Release|Any CPU
		{992138FD-7D68-AC49-5896-BCC5D81DBF29}.Release|Any CPU.Build.0 = Release|Any CPU
		{7D8AF279-4E2B-D4E3-F5E9-2E84056456A3}.Debug|Any CPU.ActiveCfg = Debug|Any CPU
		{7D8AF279-4E2B-D4E3-F5E9-2E84056456A3}.Debug|Any CPU.Build.0 = Debug|Any CPU
		{7D8AF279-4E2B-D4E3-F5E9-2E84056456A3}.Release|Any CPU.ActiveCfg = Release|Any CPU
		{7D8AF279-4E2B-D4E3-F5E9-2E84056456A3}.Release|Any CPU.Build.0 = Release|Any CPU
		{CE3188D0-0806-7E52-DCCB-1734A3555F96}.Debug|Any CPU.ActiveCfg = Debug|Any CPU
		{CE3188D0-0806-7E52-DCCB-1734A3555F96}.Debug|Any CPU.Build.0 = Debug|Any CPU
		{CE3188D0-0806-7E52-DCCB-1734A3555F96}.Release|Any CPU.ActiveCfg = Release|Any CPU
		{CE3188D0-0806-7E52-DCCB-1734A3555F96}.Release|Any CPU.Build.0 = Release|Any CPU
		{AC174F01-D47A-3065-097C-C43C93989A9E}.Debug|Any CPU.ActiveCfg = Debug|Any CPU
		{AC174F01-D47A-3065-097C-C43C93989A9E}.Debug|Any CPU.Build.0 = Debug|Any CPU
		{AC174F01-D47A-3065-097C-C43C93989A9E}.Release|Any CPU.ActiveCfg = Release|Any CPU
		{AC174F01-D47A-3065-097C-C43C93989A9E}.Release|Any CPU.Build.0 = Release|Any CPU
		{42AF865E-FB83-B62F-5EAD-6D1AC4F024A6}.Debug|Any CPU.ActiveCfg = Debug|Any CPU
		{42AF865E-FB83-B62F-5EAD-6D1AC4F024A6}.Debug|Any CPU.Build.0 = Debug|Any CPU
		{42AF865E-FB83-B62F-5EAD-6D1AC4F024A6}.Release|Any CPU.ActiveCfg = Release|Any CPU
		{42AF865E-FB83-B62F-5EAD-6D1AC4F024A6}.Release|Any CPU.Build.0 = Release|Any CPU
		{8B386338-BBAB-DA24-1808-26CF6ACA2258}.Debug|Any CPU.ActiveCfg = Debug|Any CPU
		{8B386338-BBAB-DA24-1808-26CF6ACA2258}.Debug|Any CPU.Build.0 = Debug|Any CPU
		{8B386338-BBAB-DA24-1808-26CF6ACA2258}.Release|Any CPU.ActiveCfg = Release|Any CPU
		{8B386338-BBAB-DA24-1808-26CF6ACA2258}.Release|Any CPU.Build.0 = Release|Any CPU
		{5574F16D-E9E1-E413-8EFB-4DCD1C4F33A0}.Debug|Any CPU.ActiveCfg = Debug|Any CPU
		{5574F16D-E9E1-E413-8EFB-4DCD1C4F33A0}.Debug|Any CPU.Build.0 = Debug|Any CPU
		{5574F16D-E9E1-E413-8EFB-4DCD1C4F33A0}.Release|Any CPU.ActiveCfg = Release|Any CPU
		{5574F16D-E9E1-E413-8EFB-4DCD1C4F33A0}.Release|Any CPU.Build.0 = Release|Any CPU
		{A1CC7418-63E0-E192-9B83-1050E64EE725}.Debug|Any CPU.ActiveCfg = Debug|Any CPU
		{A1CC7418-63E0-E192-9B83-1050E64EE725}.Debug|Any CPU.Build.0 = Debug|Any CPU
		{A1CC7418-63E0-E192-9B83-1050E64EE725}.Release|Any CPU.ActiveCfg = Release|Any CPU
		{A1CC7418-63E0-E192-9B83-1050E64EE725}.Release|Any CPU.Build.0 = Release|Any CPU
		{5E13530D-B04C-D343-EC1C-AC0345D74C05}.Debug|Any CPU.ActiveCfg = Debug|Any CPU
		{5E13530D-B04C-D343-EC1C-AC0345D74C05}.Debug|Any CPU.Build.0 = Debug|Any CPU
		{5E13530D-B04C-D343-EC1C-AC0345D74C05}.Release|Any CPU.ActiveCfg = Release|Any CPU
		{5E13530D-B04C-D343-EC1C-AC0345D74C05}.Release|Any CPU.Build.0 = Release|Any CPU
		{13A4466F-F28B-BFB6-BE6D-A6974BA50E82}.Debug|Any CPU.ActiveCfg = Debug|Any CPU
		{13A4466F-F28B-BFB6-BE6D-A6974BA50E82}.Debug|Any CPU.Build.0 = Debug|Any CPU
		{13A4466F-F28B-BFB6-BE6D-A6974BA50E82}.Release|Any CPU.ActiveCfg = Release|Any CPU
		{13A4466F-F28B-BFB6-BE6D-A6974BA50E82}.Release|Any CPU.Build.0 = Release|Any CPU
		{C84FB3ED-C72D-A1D3-2BB9-7B472316CDB4}.Debug|Any CPU.ActiveCfg = Debug|Any CPU
		{C84FB3ED-C72D-A1D3-2BB9-7B472316CDB4}.Debug|Any CPU.Build.0 = Debug|Any CPU
		{C84FB3ED-C72D-A1D3-2BB9-7B472316CDB4}.Release|Any CPU.ActiveCfg = Release|Any CPU
		{C84FB3ED-C72D-A1D3-2BB9-7B472316CDB4}.Release|Any CPU.Build.0 = Release|Any CPU
		{207E2C7E-99F8-B0F0-8454-5F0877AC881D}.Debug|Any CPU.ActiveCfg = Debug|Any CPU
		{207E2C7E-99F8-B0F0-8454-5F0877AC881D}.Debug|Any CPU.Build.0 = Debug|Any CPU
		{207E2C7E-99F8-B0F0-8454-5F0877AC881D}.Release|Any CPU.ActiveCfg = Release|Any CPU
		{207E2C7E-99F8-B0F0-8454-5F0877AC881D}.Release|Any CPU.Build.0 = Release|Any CPU
		{58DACC59-D004-4F90-2E96-D6881BFF2630}.Debug|Any CPU.ActiveCfg = Debug|Any CPU
		{58DACC59-D004-4F90-2E96-D6881BFF2630}.Debug|Any CPU.Build.0 = Debug|Any CPU
		{58DACC59-D004-4F90-2E96-D6881BFF2630}.Release|Any CPU.ActiveCfg = Release|Any CPU
		{58DACC59-D004-4F90-2E96-D6881BFF2630}.Release|Any CPU.Build.0 = Release|Any CPU
	EndGlobalSection
	GlobalSection(SolutionProperties) = preSolution
		HideSolutionNode = FALSE
	EndGlobalSection
EndGlobal
